// !$*UTF8*$!
{
	archiveVersion = 1;
	classes = {
	};
	objectVersion = 56;
	objects = {

/* Begin PBXBuildFile section */
		834BFDB22BC015DF00F6B95C /* StoryListView.swift in Sources */ = {isa = PBXBuildFile; fileRef = 834BFDB12BC015DF00F6B95C /* StoryListView.swift */; };
		834BFDB52BC0162100F6B95C /* StoryCard.swift in Sources */ = {isa = PBXBuildFile; fileRef = 834BFDB42BC0162100F6B95C /* StoryCard.swift */; };
		834BFDB72BC0163200F6B95C /* AddStoryCard.swift in Sources */ = {isa = PBXBuildFile; fileRef = 834BFDB62BC0163200F6B95C /* AddStoryCard.swift */; };
		834BFDB92BC01A2A00F6B95C /* TabbarView.swift in Sources */ = {isa = PBXBuildFile; fileRef = 834BFDB82BC01A2A00F6B95C /* TabbarView.swift */; };
		8370C86B2BBEE01700B33789 /* Instagram_demoApp.swift in Sources */ = {isa = PBXBuildFile; fileRef = 8370C86A2BBEE01700B33789 /* Instagram_demoApp.swift */; };
		8370C86D2BBEE01700B33789 /* ContentView.swift in Sources */ = {isa = PBXBuildFile; fileRef = 8370C86C2BBEE01700B33789 /* ContentView.swift */; };
		8370C86F2BBEE01700B33789 /* Assets.xcassets in Resources */ = {isa = PBXBuildFile; fileRef = 8370C86E2BBEE01700B33789 /* Assets.xcassets */; };
		8370C8732BBEE01700B33789 /* Preview Assets.xcassets in Resources */ = {isa = PBXBuildFile; fileRef = 8370C8722BBEE01700B33789 /* Preview Assets.xcassets */; };
		8370C87A2BBEE05900B33789 /* posts.json in Resources */ = {isa = PBXBuildFile; fileRef = 8370C8792BBEE05900B33789 /* posts.json */; };
		8370C87D2BBEE0A400B33789 /* FetchDataJSON.swift in Sources */ = {isa = PBXBuildFile; fileRef = 8370C87C2BBEE0A400B33789 /* FetchDataJSON.swift */; };
		8370C8802BBEECBF00B33789 /* HomeView.swift in Sources */ = {isa = PBXBuildFile; fileRef = 8370C87F2BBEECBF00B33789 /* HomeView.swift */; };
		8370C8832BBEECFD00B33789 /* PostListView.swift in Sources */ = {isa = PBXBuildFile; fileRef = 8370C8822BBEECFD00B33789 /* PostListView.swift */; };
		8370C8862BBF933900B33789 /* PostCard.swift in Sources */ = {isa = PBXBuildFile; fileRef = 8370C8852BBF933900B33789 /* PostCard.swift */; };
		8370C8882BBF935200B33789 /* PostCardHeader.swift in Sources */ = {isa = PBXBuildFile; fileRef = 8370C8872BBF935200B33789 /* PostCardHeader.swift */; };
		8370C88A2BBF936F00B33789 /* PostCardBody.swift in Sources */ = {isa = PBXBuildFile; fileRef = 8370C8892BBF936F00B33789 /* PostCardBody.swift */; };
		8370C88C2BBF93DD00B33789 /* Extensions.swift in Sources */ = {isa = PBXBuildFile; fileRef = 8370C88B2BBF93DD00B33789 /* Extensions.swift */; };
/* End PBXBuildFile section */

/* Begin PBXFileReference section */
		834BFDB12BC015DF00F6B95C /* StoryListView.swift */ = {isa = PBXFileReference; lastKnownFileType = sourcecode.swift; path = StoryListView.swift; sourceTree = "<group>"; };
		834BFDB42BC0162100F6B95C /* StoryCard.swift */ = {isa = PBXFileReference; lastKnownFileType = sourcecode.swift; path = StoryCard.swift; sourceTree = "<group>"; };
		834BFDB62BC0163200F6B95C /* AddStoryCard.swift */ = {isa = PBXFileReference; lastKnownFileType = sourcecode.swift; path = AddStoryCard.swift; sourceTree = "<group>"; };
		834BFDB82BC01A2A00F6B95C /* TabbarView.swift */ = {isa = PBXFileReference; lastKnownFileType = sourcecode.swift; path = TabbarView.swift; sourceTree = "<group>"; };
		8370C8672BBEE01700B33789 /* Instagram-demo.app */ = {isa = PBXFileReference; explicitFileType = wrapper.application; includeInIndex = 0; path = "Instagram-demo.app"; sourceTree = BUILT_PRODUCTS_DIR; };
		8370C86A2BBEE01700B33789 /* Instagram_demoApp.swift */ = {isa = PBXFileReference; lastKnownFileType = sourcecode.swift; path = Instagram_demoApp.swift; sourceTree = "<group>"; };
		8370C86C2BBEE01700B33789 /* ContentView.swift */ = {isa = PBXFileReference; lastKnownFileType = sourcecode.swift; path = ContentView.swift; sourceTree = "<group>"; };
		8370C86E2BBEE01700B33789 /* Assets.xcassets */ = {isa = PBXFileReference; lastKnownFileType = folder.assetcatalog; path = Assets.xcassets; sourceTree = "<group>"; };
		8370C8702BBEE01700B33789 /* Instagram_demo.entitlements */ = {isa = PBXFileReference; lastKnownFileType = text.plist.entitlements; path = Instagram_demo.entitlements; sourceTree = "<group>"; };
		8370C8722BBEE01700B33789 /* Preview Assets.xcassets */ = {isa = PBXFileReference; lastKnownFileType = folder.assetcatalog; path = "Preview Assets.xcassets"; sourceTree = "<group>"; };
		8370C8792BBEE05900B33789 /* posts.json */ = {isa = PBXFileReference; fileEncoding = 4; lastKnownFileType = text.json; path = posts.json; sourceTree = "<group>"; };
		8370C87C2BBEE0A400B33789 /* FetchDataJSON.swift */ = {isa = PBXFileReference; lastKnownFileType = sourcecode.swift; path = FetchDataJSON.swift; sourceTree = "<group>"; };
		8370C87F2BBEECBF00B33789 /* HomeView.swift */ = {isa = PBXFileReference; lastKnownFileType = sourcecode.swift; path = HomeView.swift; sourceTree = "<group>"; };
		8370C8822BBEECFD00B33789 /* PostListView.swift */ = {isa = PBXFileReference; lastKnownFileType = sourcecode.swift; path = PostListView.swift; sourceTree = "<group>"; };
		8370C8852BBF933900B33789 /* PostCard.swift */ = {isa = PBXFileReference; lastKnownFileType = sourcecode.swift; path = PostCard.swift; sourceTree = "<group>"; };
		8370C8872BBF935200B33789 /* PostCardHeader.swift */ = {isa = PBXFileReference; lastKnownFileType = sourcecode.swift; path = PostCardHeader.swift; sourceTree = "<group>"; };
		8370C8892BBF936F00B33789 /* PostCardBody.swift */ = {isa = PBXFileReference; lastKnownFileType = sourcecode.swift; path = PostCardBody.swift; sourceTree = "<group>"; };
		8370C88B2BBF93DD00B33789 /* Extensions.swift */ = {isa = PBXFileReference; lastKnownFileType = sourcecode.swift; path = Extensions.swift; sourceTree = "<group>"; };
/* End PBXFileReference section */

/* Begin PBXFrameworksBuildPhase section */
		8370C8642BBEE01700B33789 /* Frameworks */ = {
			isa = PBXFrameworksBuildPhase;
			buildActionMask = 2147483647;
			files = (
			);
			runOnlyForDeploymentPostprocessing = 0;
		};
/* End PBXFrameworksBuildPhase section */

/* Begin PBXGroup section */
		834BFDB32BC015F500F6B95C /* StoryCard */ = {
			isa = PBXGroup;
			children = (
				834BFDB42BC0162100F6B95C /* StoryCard.swift */,
				834BFDB62BC0163200F6B95C /* AddStoryCard.swift */,
			);
			path = StoryCard;
			sourceTree = "<group>";
		};
		8370C85E2BBEE01700B33789 = {
			isa = PBXGroup;
			children = (
				8370C8692BBEE01700B33789 /* Instagram-demo */,
				8370C8682BBEE01700B33789 /* Products */,
			);
			sourceTree = "<group>";
		};
		8370C8682BBEE01700B33789 /* Products */ = {
			isa = PBXGroup;
			children = (
				8370C8672BBEE01700B33789 /* Instagram-demo.app */,
			);
			name = Products;
			sourceTree = "<group>";
		};
		8370C8692BBEE01700B33789 /* Instagram-demo */ = {
			isa = PBXGroup;
			children = (
				8370C8812BBEECD600B33789 /* Components */,
				8370C87E2BBEECA400B33789 /* Views */,
				8370C87B2BBEE08000B33789 /* ViewModel */,
				8370C86A2BBEE01700B33789 /* Instagram_demoApp.swift */,
				8370C86C2BBEE01700B33789 /* ContentView.swift */,
				8370C8792BBEE05900B33789 /* posts.json */,
				8370C86E2BBEE01700B33789 /* Assets.xcassets */,
				8370C8702BBEE01700B33789 /* Instagram_demo.entitlements */,
				8370C8712BBEE01700B33789 /* Preview Content */,
				8370C88B2BBF93DD00B33789 /* Extensions.swift */,
				834BFDB82BC01A2A00F6B95C /* TabbarView.swift */,
			);
			path = "Instagram-demo";
			sourceTree = "<group>";
		};
		8370C8712BBEE01700B33789 /* Preview Content */ = {
			isa = PBXGroup;
			children = (
				8370C8722BBEE01700B33789 /* Preview Assets.xcassets */,
			);
			path = "Preview Content";
			sourceTree = "<group>";
		};
		8370C87B2BBEE08000B33789 /* ViewModel */ = {
			isa = PBXGroup;
			children = (
				8370C87C2BBEE0A400B33789 /* FetchDataJSON.swift */,
			);
			path = ViewModel;
			sourceTree = "<group>";
		};
		8370C87E2BBEECA400B33789 /* Views */ = {
			isa = PBXGroup;
			children = (
				8370C87F2BBEECBF00B33789 /* HomeView.swift */,
			);
			path = Views;
			sourceTree = "<group>";
		};
		8370C8812BBEECD600B33789 /* Components */ = {
			isa = PBXGroup;
			children = (
				834BFDB32BC015F500F6B95C /* StoryCard */,
				8370C8842BBF932000B33789 /* PostCard */,
				8370C8822BBEECFD00B33789 /* PostListView.swift */,
				834BFDB12BC015DF00F6B95C /* StoryListView.swift */,
			);
			path = Components;
			sourceTree = "<group>";
		};
		8370C8842BBF932000B33789 /* PostCard */ = {
			isa = PBXGroup;
			children = (
				8370C8852BBF933900B33789 /* PostCard.swift */,
				8370C8872BBF935200B33789 /* PostCardHeader.swift */,
				8370C8892BBF936F00B33789 /* PostCardBody.swift */,
			);
			path = PostCard;
			sourceTree = "<group>";
		};
/* End PBXGroup section */

/* Begin PBXNativeTarget section */
		8370C8662BBEE01700B33789 /* Instagram-demo */ = {
			isa = PBXNativeTarget;
			buildConfigurationList = 8370C8762BBEE01700B33789 /* Build configuration list for PBXNativeTarget "Instagram-demo" */;
			buildPhases = (
				8370C8632BBEE01700B33789 /* Sources */,
				8370C8642BBEE01700B33789 /* Frameworks */,
				8370C8652BBEE01700B33789 /* Resources */,
			);
			buildRules = (
			);
			dependencies = (
			);
			name = "Instagram-demo";
			productName = "Instagram-demo";
			productReference = 8370C8672BBEE01700B33789 /* Instagram-demo.app */;
			productType = "com.apple.product-type.application";
		};
/* End PBXNativeTarget section */

/* Begin PBXProject section */
		8370C85F2BBEE01700B33789 /* Project object */ = {
			isa = PBXProject;
			attributes = {
				BuildIndependentTargetsInParallel = 1;
				LastSwiftUpdateCheck = 1530;
				LastUpgradeCheck = 1530;
				TargetAttributes = {
					8370C8662BBEE01700B33789 = {
						CreatedOnToolsVersion = 15.3;
					};
				};
			};
			buildConfigurationList = 8370C8622BBEE01700B33789 /* Build configuration list for PBXProject "Instagram-demo" */;
			compatibilityVersion = "Xcode 14.0";
			developmentRegion = en;
			hasScannedForEncodings = 0;
			knownRegions = (
				en,
				Base,
			);
			mainGroup = 8370C85E2BBEE01700B33789;
			productRefGroup = 8370C8682BBEE01700B33789 /* Products */;
			projectDirPath = "";
			projectRoot = "";
			targets = (
				8370C8662BBEE01700B33789 /* Instagram-demo */,
			);
		};
/* End PBXProject section */

/* Begin PBXResourcesBuildPhase section */
		8370C8652BBEE01700B33789 /* Resources */ = {
			isa = PBXResourcesBuildPhase;
			buildActionMask = 2147483647;
			files = (
				8370C8732BBEE01700B33789 /* Preview Assets.xcassets in Resources */,
				8370C87A2BBEE05900B33789 /* posts.json in Resources */,
				8370C86F2BBEE01700B33789 /* Assets.xcassets in Resources */,
			);
			runOnlyForDeploymentPostprocessing = 0;
		};
/* End PBXResourcesBuildPhase section */

/* Begin PBXSourcesBuildPhase section */
		8370C8632BBEE01700B33789 /* Sources */ = {
			isa = PBXSourcesBuildPhase;
			buildActionMask = 2147483647;
			files = (
				8370C86D2BBEE01700B33789 /* ContentView.swift in Sources */,
				834BFDB52BC0162100F6B95C /* StoryCard.swift in Sources */,
				8370C88C2BBF93DD00B33789 /* Extensions.swift in Sources */,
				834BFDB22BC015DF00F6B95C /* StoryListView.swift in Sources */,
				8370C8862BBF933900B33789 /* PostCard.swift in Sources */,
				834BFDB72BC0163200F6B95C /* AddStoryCard.swift in Sources */,
				8370C8882BBF935200B33789 /* PostCardHeader.swift in Sources */,
				8370C88A2BBF936F00B33789 /* PostCardBody.swift in Sources */,
				8370C8802BBEECBF00B33789 /* HomeView.swift in Sources */,
				8370C86B2BBEE01700B33789 /* Instagram_demoApp.swift in Sources */,
				8370C87D2BBEE0A400B33789 /* FetchDataJSON.swift in Sources */,
				8370C8832BBEECFD00B33789 /* PostListView.swift in Sources */,
				834BFDB92BC01A2A00F6B95C /* TabbarView.swift in Sources */,
			);
			runOnlyForDeploymentPostprocessing = 0;
		};
/* End PBXSourcesBuildPhase section */

/* Begin XCBuildConfiguration section */
		8370C8742BBEE01700B33789 /* Debug */ = {
			isa = XCBuildConfiguration;
			buildSettings = {
				ALWAYS_SEARCH_USER_PATHS = NO;
				ASSETCATALOG_COMPILER_GENERATE_SWIFT_ASSET_SYMBOL_EXTENSIONS = YES;
				CLANG_ANALYZER_NONNULL = YES;
				CLANG_ANALYZER_NUMBER_OBJECT_CONVERSION = YES_AGGRESSIVE;
				CLANG_CXX_LANGUAGE_STANDARD = "gnu++20";
				CLANG_ENABLE_MODULES = YES;
				CLANG_ENABLE_OBJC_ARC = YES;
				CLANG_ENABLE_OBJC_WEAK = YES;
				CLANG_WARN_BLOCK_CAPTURE_AUTORELEASING = YES;
				CLANG_WARN_BOOL_CONVERSION = YES;
				CLANG_WARN_COMMA = YES;
				CLANG_WARN_CONSTANT_CONVERSION = YES;
				CLANG_WARN_DEPRECATED_OBJC_IMPLEMENTATIONS = YES;
				CLANG_WARN_DIRECT_OBJC_ISA_USAGE = YES_ERROR;
				CLANG_WARN_DOCUMENTATION_COMMENTS = YES;
				CLANG_WARN_EMPTY_BODY = YES;
				CLANG_WARN_ENUM_CONVERSION = YES;
				CLANG_WARN_INFINITE_RECURSION = YES;
				CLANG_WARN_INT_CONVERSION = YES;
				CLANG_WARN_NON_LITERAL_NULL_CONVERSION = YES;
				CLANG_WARN_OBJC_IMPLICIT_RETAIN_SELF = YES;
				CLANG_WARN_OBJC_LITERAL_CONVERSION = YES;
				CLANG_WARN_OBJC_ROOT_CLASS = YES_ERROR;
				CLANG_WARN_QUOTED_INCLUDE_IN_FRAMEWORK_HEADER = YES;
				CLANG_WARN_RANGE_LOOP_ANALYSIS = YES;
				CLANG_WARN_STRICT_PROTOTYPES = YES;
				CLANG_WARN_SUSPICIOUS_MOVE = YES;
				CLANG_WARN_UNGUARDED_AVAILABILITY = YES_AGGRESSIVE;
				CLANG_WARN_UNREACHABLE_CODE = YES;
				CLANG_WARN__DUPLICATE_METHOD_MATCH = YES;
				COPY_PHASE_STRIP = NO;
				DEBUG_INFORMATION_FORMAT = dwarf;
				ENABLE_STRICT_OBJC_MSGSEND = YES;
				ENABLE_TESTABILITY = YES;
				ENABLE_USER_SCRIPT_SANDBOXING = YES;
				GCC_C_LANGUAGE_STANDARD = gnu17;
				GCC_DYNAMIC_NO_PIC = NO;
				GCC_NO_COMMON_BLOCKS = YES;
				GCC_OPTIMIZATION_LEVEL = 0;
				GCC_PREPROCESSOR_DEFINITIONS = (
					"DEBUG=1",
					"$(inherited)",
				);
				GCC_WARN_64_TO_32_BIT_CONVERSION = YES;
				GCC_WARN_ABOUT_RETURN_TYPE = YES_ERROR;
				GCC_WARN_UNDECLARED_SELECTOR = YES;
				GCC_WARN_UNINITIALIZED_AUTOS = YES_AGGRESSIVE;
				GCC_WARN_UNUSED_FUNCTION = YES;
				GCC_WARN_UNUSED_VARIABLE = YES;
				LOCALIZATION_PREFERS_STRING_CATALOGS = YES;
				MTL_ENABLE_DEBUG_INFO = INCLUDE_SOURCE;
				MTL_FAST_MATH = YES;
				ONLY_ACTIVE_ARCH = YES;
				SWIFT_ACTIVE_COMPILATION_CONDITIONS = "DEBUG $(inherited)";
				SWIFT_OPTIMIZATION_LEVEL = "-Onone";
			};
			name = Debug;
		};
		8370C8752BBEE01700B33789 /* Release */ = {
			isa = XCBuildConfiguration;
			buildSettings = {
				ALWAYS_SEARCH_USER_PATHS = NO;
				ASSETCATALOG_COMPILER_GENERATE_SWIFT_ASSET_SYMBOL_EXTENSIONS = YES;
				CLANG_ANALYZER_NONNULL = YES;
				CLANG_ANALYZER_NUMBER_OBJECT_CONVERSION = YES_AGGRESSIVE;
				CLANG_CXX_LANGUAGE_STANDARD = "gnu++20";
				CLANG_ENABLE_MODULES = YES;
				CLANG_ENABLE_OBJC_ARC = YES;
				CLANG_ENABLE_OBJC_WEAK = YES;
				CLANG_WARN_BLOCK_CAPTURE_AUTORELEASING = YES;
				CLANG_WARN_BOOL_CONVERSION = YES;
				CLANG_WARN_COMMA = YES;
				CLANG_WARN_CONSTANT_CONVERSION = YES;
				CLANG_WARN_DEPRECATED_OBJC_IMPLEMENTATIONS = YES;
				CLANG_WARN_DIRECT_OBJC_ISA_USAGE = YES_ERROR;
				CLANG_WARN_DOCUMENTATION_COMMENTS = YES;
				CLANG_WARN_EMPTY_BODY = YES;
				CLANG_WARN_ENUM_CONVERSION = YES;
				CLANG_WARN_INFINITE_RECURSION = YES;
				CLANG_WARN_INT_CONVERSION = YES;
				CLANG_WARN_NON_LITERAL_NULL_CONVERSION = YES;
				CLANG_WARN_OBJC_IMPLICIT_RETAIN_SELF = YES;
				CLANG_WARN_OBJC_LITERAL_CONVERSION = YES;
				CLANG_WARN_OBJC_ROOT_CLASS = YES_ERROR;
				CLANG_WARN_QUOTED_INCLUDE_IN_FRAMEWORK_HEADER = YES;
				CLANG_WARN_RANGE_LOOP_ANALYSIS = YES;
				CLANG_WARN_STRICT_PROTOTYPES = YES;
				CLANG_WARN_SUSPICIOUS_MOVE = YES;
				CLANG_WARN_UNGUARDED_AVAILABILITY = YES_AGGRESSIVE;
				CLANG_WARN_UNREACHABLE_CODE = YES;
				CLANG_WARN__DUPLICATE_METHOD_MATCH = YES;
				COPY_PHASE_STRIP = NO;
				DEBUG_INFORMATION_FORMAT = "dwarf-with-dsym";
				ENABLE_NS_ASSERTIONS = NO;
				ENABLE_STRICT_OBJC_MSGSEND = YES;
				ENABLE_USER_SCRIPT_SANDBOXING = YES;
				GCC_C_LANGUAGE_STANDARD = gnu17;
				GCC_NO_COMMON_BLOCKS = YES;
				GCC_WARN_64_TO_32_BIT_CONVERSION = YES;
				GCC_WARN_ABOUT_RETURN_TYPE = YES_ERROR;
				GCC_WARN_UNDECLARED_SELECTOR = YES;
				GCC_WARN_UNINITIALIZED_AUTOS = YES_AGGRESSIVE;
				GCC_WARN_UNUSED_FUNCTION = YES;
				GCC_WARN_UNUSED_VARIABLE = YES;
				LOCALIZATION_PREFERS_STRING_CATALOGS = YES;
				MTL_ENABLE_DEBUG_INFO = NO;
				MTL_FAST_MATH = YES;
				SWIFT_COMPILATION_MODE = wholemodule;
			};
			name = Release;
		};
		8370C8772BBEE01700B33789 /* Debug */ = {
			isa = XCBuildConfiguration;
			buildSettings = {
				ASSETCATALOG_COMPILER_APPICON_NAME = AppIcon;
				ASSETCATALOG_COMPILER_GLOBAL_ACCENT_COLOR_NAME = AccentColor;
				CODE_SIGN_ENTITLEMENTS = "Instagram-demo/Instagram_demo.entitlements";
				CODE_SIGN_STYLE = Automatic;
				CURRENT_PROJECT_VERSION = 1;
				DEVELOPMENT_ASSET_PATHS = "\"Instagram-demo/Preview Content\"";
				DEVELOPMENT_TEAM = 677G73DS82;
				ENABLE_HARDENED_RUNTIME = YES;
				ENABLE_PREVIEWS = YES;
				GENERATE_INFOPLIST_FILE = YES;
				"INFOPLIST_KEY_UIApplicationSceneManifest_Generation[sdk=iphoneos*]" = YES;
				"INFOPLIST_KEY_UIApplicationSceneManifest_Generation[sdk=iphonesimulator*]" = YES;
				"INFOPLIST_KEY_UIApplicationSupportsIndirectInputEvents[sdk=iphoneos*]" = YES;
				"INFOPLIST_KEY_UIApplicationSupportsIndirectInputEvents[sdk=iphonesimulator*]" = YES;
				"INFOPLIST_KEY_UILaunchScreen_Generation[sdk=iphoneos*]" = YES;
				"INFOPLIST_KEY_UILaunchScreen_Generation[sdk=iphonesimulator*]" = YES;
				"INFOPLIST_KEY_UIStatusBarStyle[sdk=iphoneos*]" = UIStatusBarStyleDefault;
				"INFOPLIST_KEY_UIStatusBarStyle[sdk=iphonesimulator*]" = UIStatusBarStyleDefault;
				INFOPLIST_KEY_UISupportedInterfaceOrientations_iPad = "UIInterfaceOrientationPortrait UIInterfaceOrientationPortraitUpsideDown UIInterfaceOrientationLandscapeLeft UIInterfaceOrientationLandscapeRight";
				INFOPLIST_KEY_UISupportedInterfaceOrientations_iPhone = "UIInterfaceOrientationPortrait UIInterfaceOrientationLandscapeLeft UIInterfaceOrientationLandscapeRight";
				IPHONEOS_DEPLOYMENT_TARGET = 17.4;
				LD_RUNPATH_SEARCH_PATHS = "@executable_path/Frameworks";
				"LD_RUNPATH_SEARCH_PATHS[sdk=macosx*]" = "@executable_path/../Frameworks";
				MACOSX_DEPLOYMENT_TARGET = 14.4;
				MARKETING_VERSION = 1.0;
				PRODUCT_BUNDLE_IDENTIFIER = "com.chris0512.Instagram-demo";
				PRODUCT_NAME = "$(TARGET_NAME)";
				SDKROOT = auto;
				SUPPORTED_PLATFORMS = "iphoneos iphonesimulator macosx";
				SWIFT_EMIT_LOC_STRINGS = YES;
				SWIFT_VERSION = 5.0;
				TARGETED_DEVICE_FAMILY = "1,2";
			};
			name = Debug;
		};
		8370C8782BBEE01700B33789 /* Release */ = {
			isa = XCBuildConfiguration;
			buildSettings = {
				ASSETCATALOG_COMPILER_APPICON_NAME = AppIcon;
				ASSETCATALOG_COMPILER_GLOBAL_ACCENT_COLOR_NAME = AccentColor;
				CODE_SIGN_ENTITLEMENTS = "Instagram-demo/Instagram_demo.entitlements";
				CODE_SIGN_STYLE = Automatic;
				CURRENT_PROJECT_VERSION = 1;
				DEVELOPMENT_ASSET_PATHS = "\"Instagram-demo/Preview Content\"";
				DEVELOPMENT_TEAM = 677G73DS82;
				ENABLE_HARDENED_RUNTIME = YES;
				ENABLE_PREVIEWS = YES;
				GENERATE_INFOPLIST_FILE = YES;
				"INFOPLIST_KEY_UIApplicationSceneManifest_Generation[sdk=iphoneos*]" = YES;
				"INFOPLIST_KEY_UIApplicationSceneManifest_Generation[sdk=iphonesimulator*]" = YES;
				"INFOPLIST_KEY_UIApplicationSupportsIndirectInputEvents[sdk=iphoneos*]" = YES;
				"INFOPLIST_KEY_UIApplicationSupportsIndirectInputEvents[sdk=iphonesimulator*]" = YES;
				"INFOPLIST_KEY_UILaunchScreen_Generation[sdk=iphoneos*]" = YES;
				"INFOPLIST_KEY_UILaunchScreen_Generation[sdk=iphonesimulator*]" = YES;
				"INFOPLIST_KEY_UIStatusBarStyle[sdk=iphoneos*]" = UIStatusBarStyleDefault;
				"INFOPLIST_KEY_UIStatusBarStyle[sdk=iphonesimulator*]" = UIStatusBarStyleDefault;
				INFOPLIST_KEY_UISupportedInterfaceOrientations_iPad = "UIInterfaceOrientationPortrait UIInterfaceOrientationPortraitUpsideDown UIInterfaceOrientationLandscapeLeft UIInterfaceOrientationLandscapeRight";
				INFOPLIST_KEY_UISupportedInterfaceOrientations_iPhone = "UIInterfaceOrientationPortrait UIInterfaceOrientationLandscapeLeft UIInterfaceOrientationLandscapeRight";
				IPHONEOS_DEPLOYMENT_TARGET = 17.4;
				LD_RUNPATH_SEARCH_PATHS = "@executable_path/Frameworks";
				"LD_RUNPATH_SEARCH_PATHS[sdk=macosx*]" = "@executable_path/../Frameworks";
				MACOSX_DEPLOYMENT_TARGET = 14.4;
				MARKETING_VERSION = 1.0;
				PRODUCT_BUNDLE_IDENTIFIER = "com.chris0512.Instagram-demo";
				PRODUCT_NAME = "$(TARGET_NAME)";
				SDKROOT = auto;
				SUPPORTED_PLATFORMS = "iphoneos iphonesimulator macosx";
				SWIFT_EMIT_LOC_STRINGS = YES;
				SWIFT_VERSION = 5.0;
				TARGETED_DEVICE_FAMILY = "1,2";
			};
			name = Release;
		};
/* End XCBuildConfiguration section */

/* Begin XCConfigurationList section */
		8370C8622BBEE01700B33789 /* Build configuration list for PBXProject "Instagram-demo" */ = {
			isa = XCConfigurationList;
			buildConfigurations = (
				8370C8742BBEE01700B33789 /* Debug */,
				8370C8752BBEE01700B33789 /* Release */,
			);
			defaultConfigurationIsVisible = 0;
			defaultConfigurationName = Release;
		};
		8370C8762BBEE01700B33789 /* Build configuration list for PBXNativeTarget "Instagram-demo" */ = {
			isa = XCConfigurationList;
			buildConfigurations = (
				8370C8772BBEE01700B33789 /* Debug */,
				8370C8782BBEE01700B33789 /* Release */,
			);
			defaultConfigurationIsVisible = 0;
			defaultConfigurationName = Release;
		};
/* End XCConfigurationList section */
	};
	rootObject = 8370C85F2BBEE01700B33789 /* Project object */;
}
